
Microsoft Visual Studio Solution File, Format Version 12.00
# Visual Studio Version 17
VisualStudioVersion = 17.0.31903.59
MinimumVisualStudioVersion = 10.0.40219.1
Project("{2150E333-8FDC-42A3-9474-1A3956D46DE8}") = "src", "src", "{0C0581C1-99CC-4B1B-A0A1-BB5B596DAEBD}"
EndProject
Project("{FAE04EC0-301F-11D3-BF4B-00C04F79EFBC}") = "MagesFontTool", "src\MagesFontTool\MagesFontTool.csproj", "{CCFC6954-DDFA-4CDF-A9C9-1862CA5B4562}"
EndProject
Project("{FAE04EC0-301F-11D3-BF4B-00C04F79EFBC}") = "FreeType", "src\FreeType\FreeType.csproj", "{C0BCE4DB-1230-4595-8E7A-E07F0B2CA675}"
EndProject
Global
	GlobalSection(SolutionConfigurationPlatforms) = preSolution
		Debug|Any CPU = Debug|Any CPU
		Release|Any CPU = Release|Any CPU
	EndGlobalSection
	GlobalSection(SolutionProperties) = preSolution
		HideSolutionNode = FALSE
	EndGlobalSection
	GlobalSection(ProjectConfigurationPlatforms) = postSolution
		{CCFC6954-DDFA-4CDF-A9C9-1862CA5B4562}.Debug|Any CPU.ActiveCfg = Debug|Any CPU
		{CCFC6954-DDFA-4CDF-A9C9-1862CA5B4562}.Debug|Any CPU.Build.0 = Debug|Any CPU
		{CCFC6954-DDFA-4CDF-A9C9-1862CA5B4562}.Release|Any CPU.ActiveCfg = Release|Any CPU
		{CCFC6954-DDFA-4CDF-A9C9-1862CA5B4562}.Release|Any CPU.Build.0 = Release|Any CPU
		{C0BCE4DB-1230-4595-8E7A-E07F0B2CA675}.Debug|Any CPU.ActiveCfg = Debug|Any CPU
		{C0BCE4DB-1230-4595-8E7A-E07F0B2CA675}.Debug|Any CPU.Build.0 = Debug|Any CPU
		{C0BCE4DB-1230-4595-8E7A-E07F0B2CA675}.Release|Any CPU.ActiveCfg = Release|Any CPU
		{C0BCE4DB-1230-4595-8E7A-E07F0B2CA675}.Release|Any CPU.Build.0 = Release|Any CPU
	EndGlobalSection
	GlobalSection(NestedProjects) = preSolution
		{CCFC6954-DDFA-4CDF-A9C9-1862CA5B4562} = {0C0581C1-99CC-4B1B-A0A1-BB5B596DAEBD}
		{C0BCE4DB-1230-4595-8E7A-E07F0B2CA675} = {0C0581C1-99CC-4B1B-A0A1-BB5B596DAEBD}
	EndGlobalSection
EndGlobal
